
Microsoft Visual Studio Solution File, Format Version 12.00
# Visual Studio Version 17
VisualStudioVersion = 17.4.33403.182
MinimumVisualStudioVersion = 10.0.40219.1
Project("{FAE04EC0-301F-11D3-BF4B-00C04F79EFBC}") = "MyGame", "MyGame\MyGame.csproj", "{D2E8F3B3-1A85-4C47-867A-57A03F2D7781}"
EndProject
Global
	GlobalSection(SolutionConfigurationPlatforms) = preSolution
		Debug|Any CPU = Debug|Any CPU
		Release|Any CPU = Release|Any CPU
	EndGlobalSection
	GlobalSection(ProjectConfigurationPlatforms) = postSolution
		{D2E8F3B3-1A85-4C47-867A-57A03F2D7781}.Debug|Any CPU.ActiveCfg = Debug|Any CPU
		{D2E8F3B3-1A85-4C47-867A-57A03F2D7781}.Debug|Any CPU.Build.0 = Debug|Any CPU
		{D2E8F3B3-1A85-4C47-867A-57A03F2D7781}.Release|Any CPU.ActiveCfg = Release|Any CPU
		{D2E8F3B3-1A85-4C47-867A-57A03F2D7781}.Release|Any CPU.Build.0 = Release|Any CPU
	EndGlobalSection
	GlobalSection(SolutionProperties) = preSolution
		HideSolutionNode = FALSE
	EndGlobalSection
	GlobalSection(ExtensibilityGlobals) = postSolution
		SolutionGuid = {F7C6B96C-F108-47D0-9F66-D7EE3260DBC5}
	EndGlobalSection
EndGlobal
